
Microsoft Visual Studio Solution File, Format Version 12.00
# Visual Studio Version 16
VisualStudioVersion = 16.0.30413.136
MinimumVisualStudioVersion = 10.0.40219.1
Project("{FAE04EC0-301F-11D3-BF4B-00C04F79EFBC}") = "ZiraatBankDbParser", "ZiraatBankDbParser.csproj", "{07801CB0-A33F-458B-818F-CBAA43C71068}"
EndProject
Global
	GlobalSection(SolutionConfigurationPlatforms) = preSolution
		Debug|Any CPU = Debug|Any CPU
		Release|Any CPU = Release|Any CPU
	EndGlobalSection
	GlobalSection(ProjectConfigurationPlatforms) = postSolution
		{07801CB0-A33F-458B-818F-CBAA43C71068}.Debug|Any CPU.ActiveCfg = Debug|Any CPU
		{07801CB0-A33F-458B-818F-CBAA43C71068}.Debug|Any CPU.Build.0 = Debug|Any CPU
		{07801CB0-A33F-458B-818F-CBAA43C71068}.Release|Any CPU.ActiveCfg = Release|Any CPU
		{07801CB0-A33F-458B-818F-CBAA43C71068}.Release|Any CPU.Build.0 = Release|Any CPU
	EndGlobalSection
	GlobalSection(SolutionProperties) = preSolution
		HideSolutionNode = FALSE
	EndGlobalSection
	GlobalSection(ExtensibilityGlobals) = postSolution
		SolutionGuid = {75D232D6-2E0C-4F39-8A9E-26A20398E20E}
	EndGlobalSection
EndGlobal
